<Solution>
  <Folder Name="/src/">
    <Project Path="src/GpuxMine.Agent/GpuxMine.Agent.csproj" />
    <Project Path="src/GpuxMine.Core/GpuxMine.Core.csproj" />
    <Project Path="src/GpuxMine.Protocol/GpuxMine.Protocol.csproj" />
    <Project Path="src/GpuxMine.Relay/GpuxMine.Relay.csproj" />
  </Folder>
</Solution>
